
Microsoft Visual Studio Solution File, Format Version 12.00
# Visual Studio 15
VisualStudioVersion = 15.0.28307.168
MinimumVisualStudioVersion = 10.0.40219.1
Project("{FAE04EC0-301F-11D3-BF4B-00C04F79EFBC}") = "UIPathCustom", "UIPathCustom\UIPathCustom.csproj", "{6F739285-C4CB-4243-801B-F9F31D49051D}"
EndProject
Project("{FAE04EC0-301F-11D3-BF4B-00C04F79EFBC}") = "Test", "Test\Test.csproj", "{F269D50B-75C1-4BE1-BEB2-B95CA4B014D4}"
EndProject
Project("{FAE04EC0-301F-11D3-BF4B-00C04F79EFBC}") = "Youtube", "Youtube\Youtube.csproj", "{D949C8A6-2280-4F5A-9FD4-D56858C4B3A1}"
EndProject
Project("{F184B08F-C81C-45F6-A57F-5ABD9991F28F}") = "WindowsApp1", "WindowsApp1\WindowsApp1.vbproj", "{0AB0F612-C117-4821-8D29-A362795219D7}"
EndProject
Global
	GlobalSection(SolutionConfigurationPlatforms) = preSolution
		Debug|Any CPU = Debug|Any CPU
		Release|Any CPU = Release|Any CPU
	EndGlobalSection
	GlobalSection(ProjectConfigurationPlatforms) = postSolution
		{6F739285-C4CB-4243-801B-F9F31D49051D}.Debug|Any CPU.ActiveCfg = Debug|Any CPU
		{6F739285-C4CB-4243-801B-F9F31D49051D}.Debug|Any CPU.Build.0 = Debug|Any CPU
		{6F739285-C4CB-4243-801B-F9F31D49051D}.Release|Any CPU.ActiveCfg = Release|Any CPU
		{6F739285-C4CB-4243-801B-F9F31D49051D}.Release|Any CPU.Build.0 = Release|Any CPU
		{F269D50B-75C1-4BE1-BEB2-B95CA4B014D4}.Debug|Any CPU.ActiveCfg = Debug|Any CPU
		{F269D50B-75C1-4BE1-BEB2-B95CA4B014D4}.Debug|Any CPU.Build.0 = Debug|Any CPU
		{F269D50B-75C1-4BE1-BEB2-B95CA4B014D4}.Release|Any CPU.ActiveCfg = Release|Any CPU
		{F269D50B-75C1-4BE1-BEB2-B95CA4B014D4}.Release|Any CPU.Build.0 = Release|Any CPU
		{D949C8A6-2280-4F5A-9FD4-D56858C4B3A1}.Debug|Any CPU.ActiveCfg = Debug|Any CPU
		{D949C8A6-2280-4F5A-9FD4-D56858C4B3A1}.Debug|Any CPU.Build.0 = Debug|Any CPU
		{D949C8A6-2280-4F5A-9FD4-D56858C4B3A1}.Release|Any CPU.ActiveCfg = Release|Any CPU
		{D949C8A6-2280-4F5A-9FD4-D56858C4B3A1}.Release|Any CPU.Build.0 = Release|Any CPU
		{0AB0F612-C117-4821-8D29-A362795219D7}.Debug|Any CPU.ActiveCfg = Debug|Any CPU
		{0AB0F612-C117-4821-8D29-A362795219D7}.Debug|Any CPU.Build.0 = Debug|Any CPU
		{0AB0F612-C117-4821-8D29-A362795219D7}.Release|Any CPU.ActiveCfg = Release|Any CPU
		{0AB0F612-C117-4821-8D29-A362795219D7}.Release|Any CPU.Build.0 = Release|Any CPU
	EndGlobalSection
	GlobalSection(SolutionProperties) = preSolution
		HideSolutionNode = FALSE
	EndGlobalSection
	GlobalSection(ExtensibilityGlobals) = postSolution
		SolutionGuid = {A0210144-82FA-4800-B99A-44AD43C1E0D4}
	EndGlobalSection
EndGlobal
